
Microsoft Visual Studio Solution File, Format Version 12.00
# Visual Studio Version 16
VisualStudioVersion = 16.0.31205.134
MinimumVisualStudioVersion = 10.0.40219.1
Project("{9A19103F-16F7-4668-BE54-9A1E7A4F7556}") = "Karpach.RemoteShutdown.Controller", "Karpach.RemoteShutdown.Controller\Karpach.RemoteShutdown.Controller.csproj", "{9DD32BBC-32A1-40E1-BDDD-5F149FB5B1DE}"
EndProject
Project("{9A19103F-16F7-4668-BE54-9A1E7A4F7556}") = "Karpach.RemoteShutdown.Controller.Tests", "Karpach.RemoteShutdown.Controller.Tests\Karpach.RemoteShutdown.Controller.Tests.csproj", "{B6BAB5AD-9A40-4976-8029-A19F57F741FC}"
EndProject
Global
	GlobalSection(SolutionConfigurationPlatforms) = preSolution
		Debug|Any CPU = Debug|Any CPU
		Release|Any CPU = Release|Any CPU
	EndGlobalSection
	GlobalSection(ProjectConfigurationPlatforms) = postSolution
		{9DD32BBC-32A1-40E1-BDDD-5F149FB5B1DE}.Debug|Any CPU.ActiveCfg = Debug|Any CPU
		{9DD32BBC-32A1-40E1-BDDD-5F149FB5B1DE}.Debug|Any CPU.Build.0 = Debug|Any CPU
		{9DD32BBC-32A1-40E1-BDDD-5F149FB5B1DE}.Release|Any CPU.ActiveCfg = Release|Any CPU
		{9DD32BBC-32A1-40E1-BDDD-5F149FB5B1DE}.Release|Any CPU.Build.0 = Release|Any CPU
		{B6BAB5AD-9A40-4976-8029-A19F57F741FC}.Debug|Any CPU.ActiveCfg = Debug|Any CPU
		{B6BAB5AD-9A40-4976-8029-A19F57F741FC}.Debug|Any CPU.Build.0 = Debug|Any CPU
		{B6BAB5AD-9A40-4976-8029-A19F57F741FC}.Release|Any CPU.ActiveCfg = Release|Any CPU
		{B6BAB5AD-9A40-4976-8029-A19F57F741FC}.Release|Any CPU.Build.0 = Release|Any CPU
	EndGlobalSection
	GlobalSection(SolutionProperties) = preSolution
		HideSolutionNode = FALSE
	EndGlobalSection
	GlobalSection(ExtensibilityGlobals) = postSolution
		SolutionGuid = {7695789D-082D-4210-8FCF-60A40C190897}
	EndGlobalSection
EndGlobal
